
Microsoft Visual Studio Solution File, Format Version 12.00
# Visual Studio 15
VisualStudioVersion = 15.0.27703.2035
MinimumVisualStudioVersion = 10.0.40219.1
Project("{FAE04EC0-301F-11D3-BF4B-00C04F79EFBC}") = "GC Lab 1 p2", "GC Lab 1 p2\GC Lab 1 p2.csproj", "{B2C0F764-C351-4590-80A6-37833024C603}"
EndProject
Global
	GlobalSection(SolutionConfigurationPlatforms) = preSolution
		Debug|Any CPU = Debug|Any CPU
		Release|Any CPU = Release|Any CPU
	EndGlobalSection
	GlobalSection(ProjectConfigurationPlatforms) = postSolution
		{B2C0F764-C351-4590-80A6-37833024C603}.Debug|Any CPU.ActiveCfg = Debug|Any CPU
		{B2C0F764-C351-4590-80A6-37833024C603}.Debug|Any CPU.Build.0 = Debug|Any CPU
		{B2C0F764-C351-4590-80A6-37833024C603}.Release|Any CPU.ActiveCfg = Release|Any CPU
		{B2C0F764-C351-4590-80A6-37833024C603}.Release|Any CPU.Build.0 = Release|Any CPU
	EndGlobalSection
	GlobalSection(SolutionProperties) = preSolution
		HideSolutionNode = FALSE
	EndGlobalSection
	GlobalSection(ExtensibilityGlobals) = postSolution
		SolutionGuid = {2E0FA17B-10C9-483E-8937-FD9904EBED09}
	EndGlobalSection
EndGlobal
